
Microsoft Visual Studio Solution File, Format Version 12.00
# Visual Studio 15
VisualStudioVersion = 15.0.28307.779
MinimumVisualStudioVersion = 10.0.40219.1
Project("{FAE04EC0-301F-11D3-BF4B-00C04F79EFBC}") = "ForEachChallenge", "ForEachChallenge\ForEachChallenge.csproj", "{CE3EAED6-7BCC-472E-9639-1C37E8A8E658}"
EndProject
Global
	GlobalSection(SolutionConfigurationPlatforms) = preSolution
		Debug|Any CPU = Debug|Any CPU
		Release|Any CPU = Release|Any CPU
	EndGlobalSection
	GlobalSection(ProjectConfigurationPlatforms) = postSolution
		{CE3EAED6-7BCC-472E-9639-1C37E8A8E658}.Debug|Any CPU.ActiveCfg = Debug|Any CPU
		{CE3EAED6-7BCC-472E-9639-1C37E8A8E658}.Debug|Any CPU.Build.0 = Debug|Any CPU
		{CE3EAED6-7BCC-472E-9639-1C37E8A8E658}.Release|Any CPU.ActiveCfg = Release|Any CPU
		{CE3EAED6-7BCC-472E-9639-1C37E8A8E658}.Release|Any CPU.Build.0 = Release|Any CPU
	EndGlobalSection
	GlobalSection(SolutionProperties) = preSolution
		HideSolutionNode = FALSE
	EndGlobalSection
	GlobalSection(ExtensibilityGlobals) = postSolution
		SolutionGuid = {9E28C71F-A160-4980-8C48-D41D2418A969}
	EndGlobalSection
EndGlobal
